# THIS IS AN AUTOGENERATED FILE. DO NOT EDIT THIS FILE DIRECTLY.
# yarn lockfile v1


"@types/node@^20.5.5":
  version "20.5.5"
  resolved "https://registry.yarnpkg.com/@types/node/-/node-20.5.5.tgz#04461a93ca9f2ac8f76acd7e4c025bab70a1bfbd"
  integrity sha512-c0Snqx/IpY+QHnCqEQzo9NjhBNth6gm6/4wDgWt1ML24ldNiStXmxuKJUKM7ob/iAhQWH/dUH1STRt5eTUixlw==

typescript@^5.2.2:
  version "5.2.2"
  resolved "https://registry.yarnpkg.com/typescript/-/typescript-5.2.2.tgz#5ebb5e5a5b75f085f22bc3f8460fba308310fa78"
  integrity sha512-mI4WrpHsbCIcwT9cF4FZvr80QUeKvsUsUvKDoR+X/7XHQH98xYD8YHZg7ANtz2GtZt/CBq2QJ0thkGJMHfqc1w==
